// !$*UTF8*$!
{
	archiveVersion = 1;
	classes = {
	};
	objectVersion = 56;
	objects = {

/* Begin PBXBuildFile section */
		AFEFF4922BBAB6A4002FACDC /* AppDelegate.swift in Sources */ = {isa = PBXBuildFile; fileRef = AFEFF4912BBAB6A4002FACDC /* AppDelegate.swift */; };
		AFEFF4942BBAB6A4002FACDC /* SceneDelegate.swift in Sources */ = {isa = PBXBuildFile; fileRef = AFEFF4932BBAB6A4002FACDC /* SceneDelegate.swift */; };
		AFEFF4962BBAB6A4002FACDC /* ViewController.swift in Sources */ = {isa = PBXBuildFile; fileRef = AFEFF4952BBAB6A4002FACDC /* ViewController.swift */; };
		AFEFF4992BBAB6A4002FACDC /* Base in Resources */ = {isa = PBXBuildFile; fileRef = AFEFF4982BBAB6A4002FACDC /* Base */; };
		AFEFF49B2BBAB6A5002FACDC /* Assets.xcassets in Resources */ = {isa = PBXBuildFile; fileRef = AFEFF49A2BBAB6A5002FACDC /* Assets.xcassets */; };
		AFEFF49E2BBAB6A5002FACDC /* Base in Resources */ = {isa = PBXBuildFile; fileRef = AFEFF49D2BBAB6A5002FACDC /* Base */; };
		AFEFF4A92BBAB6A6002FACDC /* CryptoAppTests.swift in Sources */ = {isa = PBXBuildFile; fileRef = AFEFF4A82BBAB6A6002FACDC /* CryptoAppTests.swift */; };
		AFEFF4B32BBAB6A6002FACDC /* CryptoAppUITests.swift in Sources */ = {isa = PBXBuildFile; fileRef = AFEFF4B22BBAB6A6002FACDC /* CryptoAppUITests.swift */; };
		AFEFF4B52BBAB6A6002FACDC /* CryptoAppUITestsLaunchTests.swift in Sources */ = {isa = PBXBuildFile; fileRef = AFEFF4B42BBAB6A6002FACDC /* CryptoAppUITestsLaunchTests.swift */; };
/* End PBXBuildFile section */

/* Begin PBXContainerItemProxy section */
		AFEFF4A52BBAB6A6002FACDC /* PBXContainerItemProxy */ = {
			isa = PBXContainerItemProxy;
			containerPortal = AFEFF4862BBAB6A3002FACDC /* Project object */;
			proxyType = 1;
			remoteGlobalIDString = AFEFF48D2BBAB6A4002FACDC;
			remoteInfo = CryptoApp;
		};
		AFEFF4AF2BBAB6A6002FACDC /* PBXContainerItemProxy */ = {
			isa = PBXContainerItemProxy;
			containerPortal = AFEFF4862BBAB6A3002FACDC /* Project object */;
			proxyType = 1;
			remoteGlobalIDString = AFEFF48D2BBAB6A4002FACDC;
			remoteInfo = CryptoApp;
		};
/* End PBXContainerItemProxy section */

/* Begin PBXFileReference section */
		AFEFF48E2BBAB6A4002FACDC /* CryptoApp.app */ = {isa = PBXFileReference; explicitFileType = wrapper.application; includeInIndex = 0; path = CryptoApp.app; sourceTree = BUILT_PRODUCTS_DIR; };
		AFEFF4912BBAB6A4002FACDC /* AppDelegate.swift */ = {isa = PBXFileReference; lastKnownFileType = sourcecode.swift; path = AppDelegate.swift; sourceTree = "<group>"; };
		AFEFF4932BBAB6A4002FACDC /* SceneDelegate.swift */ = {isa = PBXFileReference; lastKnownFileType = sourcecode.swift; path = SceneDelegate.swift; sourceTree = "<group>"; };
		AFEFF4952BBAB6A4002FACDC /* ViewController.swift */ = {isa = PBXFileReference; lastKnownFileType = sourcecode.swift; path = ViewController.swift; sourceTree = "<group>"; };
		AFEFF4982BBAB6A4002FACDC /* Base */ = {isa = PBXFileReference; lastKnownFileType = file.storyboard; name = Base; path = Base.lproj/Main.storyboard; sourceTree = "<group>"; };
		AFEFF49A2BBAB6A5002FACDC /* Assets.xcassets */ = {isa = PBXFileReference; lastKnownFileType = folder.assetcatalog; path = Assets.xcassets; sourceTree = "<group>"; };
		AFEFF49D2BBAB6A5002FACDC /* Base */ = {isa = PBXFileReference; lastKnownFileType = file.storyboard; name = Base; path = Base.lproj/LaunchScreen.storyboard; sourceTree = "<group>"; };
		AFEFF49F2BBAB6A5002FACDC /* Info.plist */ = {isa = PBXFileReference; lastKnownFileType = text.plist.xml; path = Info.plist; sourceTree = "<group>"; };
		AFEFF4A42BBAB6A6002FACDC /* CryptoAppTests.xctest */ = {isa = PBXFileReference; explicitFileType = wrapper.cfbundle; includeInIndex = 0; path = CryptoAppTests.xctest; sourceTree = BUILT_PRODUCTS_DIR; };
		AFEFF4A82BBAB6A6002FACDC /* CryptoAppTests.swift */ = {isa = PBXFileReference; lastKnownFileType = sourcecode.swift; path = CryptoAppTests.swift; sourceTree = "<group>"; };
		AFEFF4AE2BBAB6A6002FACDC /* CryptoAppUITests.xctest */ = {isa = PBXFileReference; explicitFileType = wrapper.cfbundle; includeInIndex = 0; path = CryptoAppUITests.xctest; sourceTree = BUILT_PRODUCTS_DIR; };
		AFEFF4B22BBAB6A6002FACDC /* CryptoAppUITests.swift */ = {isa = PBXFileReference; lastKnownFileType = sourcecode.swift; path = CryptoAppUITests.swift; sourceTree = "<group>"; };
		AFEFF4B42BBAB6A6002FACDC /* CryptoAppUITestsLaunchTests.swift */ = {isa = PBXFileReference; lastKnownFileType = sourcecode.swift; path = CryptoAppUITestsLaunchTests.swift; sourceTree = "<group>"; };
/* End PBXFileReference section */

/* Begin PBXFrameworksBuildPhase section */
		AFEFF48B2BBAB6A4002FACDC /* Frameworks */ = {
			isa = PBXFrameworksBuildPhase;
			buildActionMask = 2147483647;
			files = (
			);
			runOnlyForDeploymentPostprocessing = 0;
		};
		AFEFF4A12BBAB6A6002FACDC /* Frameworks */ = {
			isa = PBXFrameworksBuildPhase;
			buildActionMask = 2147483647;
			files = (
			);
			runOnlyForDeploymentPostprocessing = 0;
		};
		AFEFF4AB2BBAB6A6002FACDC /* Frameworks */ = {
			isa = PBXFrameworksBuildPhase;
			buildActionMask = 2147483647;
			files = (
			);
			runOnlyForDeploymentPostprocessing = 0;
		};
/* End PBXFrameworksBuildPhase section */

/* Begin PBXGroup section */
		AFEFF4852BBAB6A3002FACDC = {
			isa = PBXGroup;
			children = (
				AFEFF4902BBAB6A4002FACDC /* CryptoApp */,
				AFEFF4A72BBAB6A6002FACDC /* CryptoAppTests */,
				AFEFF4B12BBAB6A6002FACDC /* CryptoAppUITests */,
				AFEFF48F2BBAB6A4002FACDC /* Products */,
			);
			sourceTree = "<group>";
		};
		AFEFF48F2BBAB6A4002FACDC /* Products */ = {
			isa = PBXGroup;
			children = (
				AFEFF48E2BBAB6A4002FACDC /* CryptoApp.app */,
				AFEFF4A42BBAB6A6002FACDC /* CryptoAppTests.xctest */,
				AFEFF4AE2BBAB6A6002FACDC /* CryptoAppUITests.xctest */,
			);
			name = Products;
			sourceTree = "<group>";
		};
		AFEFF4902BBAB6A4002FACDC /* CryptoApp */ = {
			isa = PBXGroup;
			children = (
				AFEFF4912BBAB6A4002FACDC /* AppDelegate.swift */,
				AFEFF4932BBAB6A4002FACDC /* SceneDelegate.swift */,
				AFEFF4952BBAB6A4002FACDC /* ViewController.swift */,
				AFEFF4972BBAB6A4002FACDC /* Main.storyboard */,
				AFEFF49A2BBAB6A5002FACDC /* Assets.xcassets */,
				AFEFF49C2BBAB6A5002FACDC /* LaunchScreen.storyboard */,
				AFEFF49F2BBAB6A5002FACDC /* Info.plist */,
			);
			path = CryptoApp;
			sourceTree = "<group>";
		};
		AFEFF4A72BBAB6A6002FACDC /* CryptoAppTests */ = {
			isa = PBXGroup;
			children = (
				AFEFF4A82BBAB6A6002FACDC /* CryptoAppTests.swift */,
			);
			path = CryptoAppTests;
			sourceTree = "<group>";
		};
		AFEFF4B12BBAB6A6002FACDC /* CryptoAppUITests */ = {
			isa = PBXGroup;
			children = (
				AFEFF4B22BBAB6A6002FACDC /* CryptoAppUITests.swift */,
				AFEFF4B42BBAB6A6002FACDC /* CryptoAppUITestsLaunchTests.swift */,
			);
			path = CryptoAppUITests;
			sourceTree = "<group>";
		};
/* End PBXGroup section */

/* Begin PBXNativeTarget section */
		AFEFF48D2BBAB6A4002FACDC /* CryptoApp */ = {
			isa = PBXNativeTarget;
			buildConfigurationList = AFEFF4B82BBAB6A6002FACDC /* Build configuration list for PBXNativeTarget "CryptoApp" */;
			buildPhases = (
				AFEFF48A2BBAB6A4002FACDC /* Sources */,
				AFEFF48B2BBAB6A4002FACDC /* Frameworks */,
				AFEFF48C2BBAB6A4002FACDC /* Resources */,
			);
			buildRules = (
			);
			dependencies = (
			);
			name = CryptoApp;
			productName = CryptoApp;
			productReference = AFEFF48E2BBAB6A4002FACDC /* CryptoApp.app */;
			productType = "com.apple.product-type.application";
		};
		AFEFF4A32BBAB6A6002FACDC /* CryptoAppTests */ = {
			isa = PBXNativeTarget;
			buildConfigurationList = AFEFF4BB2BBAB6A6002FACDC /* Build configuration list for PBXNativeTarget "CryptoAppTests" */;
			buildPhases = (
				AFEFF4A02BBAB6A6002FACDC /* Sources */,
				AFEFF4A12BBAB6A6002FACDC /* Frameworks */,
				AFEFF4A22BBAB6A6002FACDC /* Resources */,
			);
			buildRules = (
			);
			dependencies = (
				AFEFF4A62BBAB6A6002FACDC /* PBXTargetDependency */,
			);
			name = CryptoAppTests;
			productName = CryptoAppTests;
			productReference = AFEFF4A42BBAB6A6002FACDC /* CryptoAppTests.xctest */;
			productType = "com.apple.product-type.bundle.unit-test";
		};
		AFEFF4AD2BBAB6A6002FACDC /* CryptoAppUITests */ = {
			isa = PBXNativeTarget;
			buildConfigurationList = AFEFF4BE2BBAB6A6002FACDC /* Build configuration list for PBXNativeTarget "CryptoAppUITests" */;
			buildPhases = (
				AFEFF4AA2BBAB6A6002FACDC /* Sources */,
				AFEFF4AB2BBAB6A6002FACDC /* Frameworks */,
				AFEFF4AC2BBAB6A6002FACDC /* Resources */,
			);
			buildRules = (
			);
			dependencies = (
				AFEFF4B02BBAB6A6002FACDC /* PBXTargetDependency */,
			);
			name = CryptoAppUITests;
			productName = CryptoAppUITests;
			productReference = AFEFF4AE2BBAB6A6002FACDC /* CryptoAppUITests.xctest */;
			productType = "com.apple.product-type.bundle.ui-testing";
		};
/* End PBXNativeTarget section */

/* Begin PBXProject section */
		AFEFF4862BBAB6A3002FACDC /* Project object */ = {
			isa = PBXProject;
			attributes = {
				BuildIndependentTargetsInParallel = 1;
				LastSwiftUpdateCheck = 1530;
				LastUpgradeCheck = 1530;
				TargetAttributes = {
					AFEFF48D2BBAB6A4002FACDC = {
						CreatedOnToolsVersion = 15.3;
					};
					AFEFF4A32BBAB6A6002FACDC = {
						CreatedOnToolsVersion = 15.3;
						TestTargetID = AFEFF48D2BBAB6A4002FACDC;
					};
					AFEFF4AD2BBAB6A6002FACDC = {
						CreatedOnToolsVersion = 15.3;
						TestTargetID = AFEFF48D2BBAB6A4002FACDC;
					};
				};
			};
			buildConfigurationList = AFEFF4892BBAB6A3002FACDC /* Build configuration list for PBXProject "CryptoApp" */;
			compatibilityVersion = "Xcode 14.0";
			developmentRegion = en;
			hasScannedForEncodings = 0;
			knownRegions = (
				en,
				Base,
			);
			mainGroup = AFEFF4852BBAB6A3002FACDC;
			productRefGroup = AFEFF48F2BBAB6A4002FACDC /* Products */;
			projectDirPath = "";
			projectRoot = "";
			targets = (
				AFEFF48D2BBAB6A4002FACDC /* CryptoApp */,
				AFEFF4A32BBAB6A6002FACDC /* CryptoAppTests */,
				AFEFF4AD2BBAB6A6002FACDC /* CryptoAppUITests */,
			);
		};
/* End PBXProject section */

/* Begin PBXResourcesBuildPhase section */
		AFEFF48C2BBAB6A4002FACDC /* Resources */ = {
			isa = PBXResourcesBuildPhase;
			buildActionMask = 2147483647;
			files = (
				AFEFF49B2BBAB6A5002FACDC /* Assets.xcassets in Resources */,
				AFEFF49E2BBAB6A5002FACDC /* Base in Resources */,
				AFEFF4992BBAB6A4002FACDC /* Base in Resources */,
			);
			runOnlyForDeploymentPostprocessing = 0;
		};
		AFEFF4A22BBAB6A6002FACDC /* Resources */ = {
			isa = PBXResourcesBuildPhase;
			buildActionMask = 2147483647;
			files = (
			);
			runOnlyForDeploymentPostprocessing = 0;
		};
		AFEFF4AC2BBAB6A6002FACDC /* Resources */ = {
			isa = PBXResourcesBuildPhase;
			buildActionMask = 2147483647;
			files = (
			);
			runOnlyForDeploymentPostprocessing = 0;
		};
/* End PBXResourcesBuildPhase section */

/* Begin PBXSourcesBuildPhase section */
		AFEFF48A2BBAB6A4002FACDC /* Sources */ = {
			isa = PBXSourcesBuildPhase;
			buildActionMask = 2147483647;
			files = (
				AFEFF4962BBAB6A4002FACDC /* ViewController.swift in Sources */,
				AFEFF4922BBAB6A4002FACDC /* AppDelegate.swift in Sources */,
				AFEFF4942BBAB6A4002FACDC /* SceneDelegate.swift in Sources */,
			);
			runOnlyForDeploymentPostprocessing = 0;
		};
		AFEFF4A02BBAB6A6002FACDC /* Sources */ = {
			isa = PBXSourcesBuildPhase;
			buildActionMask = 2147483647;
			files = (
				AFEFF4A92BBAB6A6002FACDC /* CryptoAppTests.swift in Sources */,
			);
			runOnlyForDeploymentPostprocessing = 0;
		};
		AFEFF4AA2BBAB6A6002FACDC /* Sources */ = {
			isa = PBXSourcesBuildPhase;
			buildActionMask = 2147483647;
			files = (
				AFEFF4B32BBAB6A6002FACDC /* CryptoAppUITests.swift in Sources */,
				AFEFF4B52BBAB6A6002FACDC /* CryptoAppUITestsLaunchTests.swift in Sources */,
			);
			runOnlyForDeploymentPostprocessing = 0;
		};
/* End PBXSourcesBuildPhase section */

/* Begin PBXTargetDependency section */
		AFEFF4A62BBAB6A6002FACDC /* PBXTargetDependency */ = {
			isa = PBXTargetDependency;
			target = AFEFF48D2BBAB6A4002FACDC /* CryptoApp */;
			targetProxy = AFEFF4A52BBAB6A6002FACDC /* PBXContainerItemProxy */;
		};
		AFEFF4B02BBAB6A6002FACDC /* PBXTargetDependency */ = {
			isa = PBXTargetDependency;
			target = AFEFF48D2BBAB6A4002FACDC /* CryptoApp */;
			targetProxy = AFEFF4AF2BBAB6A6002FACDC /* PBXContainerItemProxy */;
		};
/* End PBXTargetDependency section */

/* Begin PBXVariantGroup section */
		AFEFF4972BBAB6A4002FACDC /* Main.storyboard */ = {
			isa = PBXVariantGroup;
			children = (
				AFEFF4982BBAB6A4002FACDC /* Base */,
			);
			name = Main.storyboard;
			sourceTree = "<group>";
		};
		AFEFF49C2BBAB6A5002FACDC /* LaunchScreen.storyboard */ = {
			isa = PBXVariantGroup;
			children = (
				AFEFF49D2BBAB6A5002FACDC /* Base */,
			);
			name = LaunchScreen.storyboard;
			sourceTree = "<group>";
		};
/* End PBXVariantGroup section */

/* Begin XCBuildConfiguration section */
		AFEFF4B62BBAB6A6002FACDC /* Debug */ = {
			isa = XCBuildConfiguration;
			buildSettings = {
				ALWAYS_SEARCH_USER_PATHS = NO;
				ASSETCATALOG_COMPILER_GENERATE_SWIFT_ASSET_SYMBOL_EXTENSIONS = YES;
				CLANG_ANALYZER_NONNULL = YES;
				CLANG_ANALYZER_NUMBER_OBJECT_CONVERSION = YES_AGGRESSIVE;
				CLANG_CXX_LANGUAGE_STANDARD = "gnu++20";
				CLANG_ENABLE_MODULES = YES;
				CLANG_ENABLE_OBJC_ARC = YES;
				CLANG_ENABLE_OBJC_WEAK = YES;
				CLANG_WARN_BLOCK_CAPTURE_AUTORELEASING = YES;
				CLANG_WARN_BOOL_CONVERSION = YES;
				CLANG_WARN_COMMA = YES;
				CLANG_WARN_CONSTANT_CONVERSION = YES;
				CLANG_WARN_DEPRECATED_OBJC_IMPLEMENTATIONS = YES;
				CLANG_WARN_DIRECT_OBJC_ISA_USAGE = YES_ERROR;
				CLANG_WARN_DOCUMENTATION_COMMENTS = YES;
				CLANG_WARN_EMPTY_BODY = YES;
				CLANG_WARN_ENUM_CONVERSION = YES;
				CLANG_WARN_INFINITE_RECURSION = YES;
				CLANG_WARN_INT_CONVERSION = YES;
				CLANG_WARN_NON_LITERAL_NULL_CONVERSION = YES;
				CLANG_WARN_OBJC_IMPLICIT_RETAIN_SELF = YES;
				CLANG_WARN_OBJC_LITERAL_CONVERSION = YES;
				CLANG_WARN_OBJC_ROOT_CLASS = YES_ERROR;
				CLANG_WARN_QUOTED_INCLUDE_IN_FRAMEWORK_HEADER = YES;
				CLANG_WARN_RANGE_LOOP_ANALYSIS = YES;
				CLANG_WARN_STRICT_PROTOTYPES = YES;
				CLANG_WARN_SUSPICIOUS_MOVE = YES;
				CLANG_WARN_UNGUARDED_AVAILABILITY = YES_AGGRESSIVE;
				CLANG_WARN_UNREACHABLE_CODE = YES;
				CLANG_WARN__DUPLICATE_METHOD_MATCH = YES;
				COPY_PHASE_STRIP = NO;
				DEBUG_INFORMATION_FORMAT = dwarf;
				ENABLE_STRICT_OBJC_MSGSEND = YES;
				ENABLE_TESTABILITY = YES;
				ENABLE_USER_SCRIPT_SANDBOXING = YES;
				GCC_C_LANGUAGE_STANDARD = gnu17;
				GCC_DYNAMIC_NO_PIC = NO;
				GCC_NO_COMMON_BLOCKS = YES;
				GCC_OPTIMIZATION_LEVEL = 0;
				GCC_PREPROCESSOR_DEFINITIONS = (
					"DEBUG=1",
					"$(inherited)",
				);
				GCC_WARN_64_TO_32_BIT_CONVERSION = YES;
				GCC_WARN_ABOUT_RETURN_TYPE = YES_ERROR;
				GCC_WARN_UNDECLARED_SELECTOR = YES;
				GCC_WARN_UNINITIALIZED_AUTOS = YES_AGGRESSIVE;
				GCC_WARN_UNUSED_FUNCTION = YES;
				GCC_WARN_UNUSED_VARIABLE = YES;
				IPHONEOS_DEPLOYMENT_TARGET = 17.4;
				LOCALIZATION_PREFERS_STRING_CATALOGS = YES;
				MTL_ENABLE_DEBUG_INFO = INCLUDE_SOURCE;
				MTL_FAST_MATH = YES;
				ONLY_ACTIVE_ARCH = YES;
				SDKROOT = iphoneos;
				SWIFT_ACTIVE_COMPILATION_CONDITIONS = "DEBUG $(inherited)";
				SWIFT_OPTIMIZATION_LEVEL = "-Onone";
			};
			name = Debug;
		};
		AFEFF4B72BBAB6A6002FACDC /* Release */ = {
			isa = XCBuildConfiguration;
			buildSettings = {
				ALWAYS_SEARCH_USER_PATHS = NO;
				ASSETCATALOG_COMPILER_GENERATE_SWIFT_ASSET_SYMBOL_EXTENSIONS = YES;
				CLANG_ANALYZER_NONNULL = YES;
				CLANG_ANALYZER_NUMBER_OBJECT_CONVERSION = YES_AGGRESSIVE;
				CLANG_CXX_LANGUAGE_STANDARD = "gnu++20";
				CLANG_ENABLE_MODULES = YES;
				CLANG_ENABLE_OBJC_ARC = YES;
				CLANG_ENABLE_OBJC_WEAK = YES;
				CLANG_WARN_BLOCK_CAPTURE_AUTORELEASING = YES;
				CLANG_WARN_BOOL_CONVERSION = YES;
				CLANG_WARN_COMMA = YES;
				CLANG_WARN_CONSTANT_CONVERSION = YES;
				CLANG_WARN_DEPRECATED_OBJC_IMPLEMENTATIONS = YES;
				CLANG_WARN_DIRECT_OBJC_ISA_USAGE = YES_ERROR;
				CLANG_WARN_DOCUMENTATION_COMMENTS = YES;
				CLANG_WARN_EMPTY_BODY = YES;
				CLANG_WARN_ENUM_CONVERSION = YES;
				CLANG_WARN_INFINITE_RECURSION = YES;
				CLANG_WARN_INT_CONVERSION = YES;
				CLANG_WARN_NON_LITERAL_NULL_CONVERSION = YES;
				CLANG_WARN_OBJC_IMPLICIT_RETAIN_SELF = YES;
				CLANG_WARN_OBJC_LITERAL_CONVERSION = YES;
				CLANG_WARN_OBJC_ROOT_CLASS = YES_ERROR;
				CLANG_WARN_QUOTED_INCLUDE_IN_FRAMEWORK_HEADER = YES;
				CLANG_WARN_RANGE_LOOP_ANALYSIS = YES;
				CLANG_WARN_STRICT_PROTOTYPES = YES;
				CLANG_WARN_SUSPICIOUS_MOVE = YES;
				CLANG_WARN_UNGUARDED_AVAILABILITY = YES_AGGRESSIVE;
				CLANG_WARN_UNREACHABLE_CODE = YES;
				CLANG_WARN__DUPLICATE_METHOD_MATCH = YES;
				COPY_PHASE_STRIP = NO;
				DEBUG_INFORMATION_FORMAT = "dwarf-with-dsym";
				ENABLE_NS_ASSERTIONS = NO;
				ENABLE_STRICT_OBJC_MSGSEND = YES;
				ENABLE_USER_SCRIPT_SANDBOXING = YES;
				GCC_C_LANGUAGE_STANDARD = gnu17;
				GCC_NO_COMMON_BLOCKS = YES;
				GCC_WARN_64_TO_32_BIT_CONVERSION = YES;
				GCC_WARN_ABOUT_RETURN_TYPE = YES_ERROR;
				GCC_WARN_UNDECLARED_SELECTOR = YES;
				GCC_WARN_UNINITIALIZED_AUTOS = YES_AGGRESSIVE;
				GCC_WARN_UNUSED_FUNCTION = YES;
				GCC_WARN_UNUSED_VARIABLE = YES;
				IPHONEOS_DEPLOYMENT_TARGET = 17.4;
				LOCALIZATION_PREFERS_STRING_CATALOGS = YES;
				MTL_ENABLE_DEBUG_INFO = NO;
				MTL_FAST_MATH = YES;
				SDKROOT = iphoneos;
				SWIFT_COMPILATION_MODE = wholemodule;
				VALIDATE_PRODUCT = YES;
			};
			name = Release;
		};
		AFEFF4B92BBAB6A6002FACDC /* Debug */ = {
			isa = XCBuildConfiguration;
			buildSettings = {
				ASSETCATALOG_COMPILER_APPICON_NAME = AppIcon;
				ASSETCATALOG_COMPILER_GLOBAL_ACCENT_COLOR_NAME = AccentColor;
				CODE_SIGN_STYLE = Automatic;
				CURRENT_PROJECT_VERSION = 1;
				GENERATE_INFOPLIST_FILE = YES;
				INFOPLIST_FILE = CryptoApp/Info.plist;
				INFOPLIST_KEY_UIApplicationSupportsIndirectInputEvents = YES;
				INFOPLIST_KEY_UILaunchStoryboardName = LaunchScreen;
				INFOPLIST_KEY_UIMainStoryboardFile = Main;
				INFOPLIST_KEY_UISupportedInterfaceOrientations_iPad = "UIInterfaceOrientationPortrait UIInterfaceOrientationPortraitUpsideDown UIInterfaceOrientationLandscapeLeft UIInterfaceOrientationLandscapeRight";
				INFOPLIST_KEY_UISupportedInterfaceOrientations_iPhone = "UIInterfaceOrientationPortrait UIInterfaceOrientationLandscapeLeft UIInterfaceOrientationLandscapeRight";
				LD_RUNPATH_SEARCH_PATHS = (
					"$(inherited)",
					"@executable_path/Frameworks",
				);
				MARKETING_VERSION = 1.0;
				PRODUCT_BUNDLE_IDENTIFIER = pablo.CryptoApp;
				PRODUCT_NAME = "$(TARGET_NAME)";
				SWIFT_EMIT_LOC_STRINGS = YES;
				SWIFT_VERSION = 5.0;
				TARGETED_DEVICE_FAMILY = "1,2";
			};
			name = Debug;
		};
		AFEFF4BA2BBAB6A6002FACDC /* Release */ = {
			isa = XCBuildConfiguration;
			buildSettings = {
				ASSETCATALOG_COMPILER_APPICON_NAME = AppIcon;
				ASSETCATALOG_COMPILER_GLOBAL_ACCENT_COLOR_NAME = AccentColor;
				CODE_SIGN_STYLE = Automatic;
				CURRENT_PROJECT_VERSION = 1;
				GENERATE_INFOPLIST_FILE = YES;
				INFOPLIST_FILE = CryptoApp/Info.plist;
				INFOPLIST_KEY_UIApplicationSupportsIndirectInputEvents = YES;
				INFOPLIST_KEY_UILaunchStoryboardName = LaunchScreen;
				INFOPLIST_KEY_UIMainStoryboardFile = Main;
				INFOPLIST_KEY_UISupportedInterfaceOrientations_iPad = "UIInterfaceOrientationPortrait UIInterfaceOrientationPortraitUpsideDown UIInterfaceOrientationLandscapeLeft UIInterfaceOrientationLandscapeRight";
				INFOPLIST_KEY_UISupportedInterfaceOrientations_iPhone = "UIInterfaceOrientationPortrait UIInterfaceOrientationLandscapeLeft UIInterfaceOrientationLandscapeRight";
				LD_RUNPATH_SEARCH_PATHS = (
					"$(inherited)",
					"@executable_path/Frameworks",
				);
				MARKETING_VERSION = 1.0;
				PRODUCT_BUNDLE_IDENTIFIER = pablo.CryptoApp;
				PRODUCT_NAME = "$(TARGET_NAME)";
				SWIFT_EMIT_LOC_STRINGS = YES;
				SWIFT_VERSION = 5.0;
				TARGETED_DEVICE_FAMILY = "1,2";
			};
			name = Release;
		};
		AFEFF4BC2BBAB6A6002FACDC /* Debug */ = {
			isa = XCBuildConfiguration;
			buildSettings = {
				ALWAYS_EMBED_SWIFT_STANDARD_LIBRARIES = YES;
				BUNDLE_LOADER = "$(TEST_HOST)";
				CODE_SIGN_STYLE = Automatic;
				CURRENT_PROJECT_VERSION = 1;
				GENERATE_INFOPLIST_FILE = YES;
				IPHONEOS_DEPLOYMENT_TARGET = 17.4;
				MARKETING_VERSION = 1.0;
				PRODUCT_BUNDLE_IDENTIFIER = pablo.CryptoAppTests;
				PRODUCT_NAME = "$(TARGET_NAME)";
				SWIFT_EMIT_LOC_STRINGS = NO;
				SWIFT_VERSION = 5.0;
				TARGETED_DEVICE_FAMILY = "1,2";
				TEST_HOST = "$(BUILT_PRODUCTS_DIR)/CryptoApp.app/$(BUNDLE_EXECUTABLE_FOLDER_PATH)/CryptoApp";
			};
			name = Debug;
		};
		AFEFF4BD2BBAB6A6002FACDC /* Release */ = {
			isa = XCBuildConfiguration;
			buildSettings = {
				ALWAYS_EMBED_SWIFT_STANDARD_LIBRARIES = YES;
				BUNDLE_LOADER = "$(TEST_HOST)";
				CODE_SIGN_STYLE = Automatic;
				CURRENT_PROJECT_VERSION = 1;
				GENERATE_INFOPLIST_FILE = YES;
				IPHONEOS_DEPLOYMENT_TARGET = 17.4;
				MARKETING_VERSION = 1.0;
				PRODUCT_BUNDLE_IDENTIFIER = pablo.CryptoAppTests;
				PRODUCT_NAME = "$(TARGET_NAME)";
				SWIFT_EMIT_LOC_STRINGS = NO;
				SWIFT_VERSION = 5.0;
				TARGETED_DEVICE_FAMILY = "1,2";
				TEST_HOST = "$(BUILT_PRODUCTS_DIR)/CryptoApp.app/$(BUNDLE_EXECUTABLE_FOLDER_PATH)/CryptoApp";
			};
			name = Release;
		};
		AFEFF4BF2BBAB6A6002FACDC /* Debug */ = {
			isa = XCBuildConfiguration;
			buildSettings = {
				ALWAYS_EMBED_SWIFT_STANDARD_LIBRARIES = YES;
				CODE_SIGN_STYLE = Automatic;
				CURRENT_PROJECT_VERSION = 1;
				GENERATE_INFOPLIST_FILE = YES;
				MARKETING_VERSION = 1.0;
				PRODUCT_BUNDLE_IDENTIFIER = pablo.CryptoAppUITests;
				PRODUCT_NAME = "$(TARGET_NAME)";
				SWIFT_EMIT_LOC_STRINGS = NO;
				SWIFT_VERSION = 5.0;
				TARGETED_DEVICE_FAMILY = "1,2";
				TEST_TARGET_NAME = CryptoApp;
			};
			name = Debug;
		};
		AFEFF4C02BBAB6A6002FACDC /* Release */ = {
			isa = XCBuildConfiguration;
			buildSettings = {
				ALWAYS_EMBED_SWIFT_STANDARD_LIBRARIES = YES;
				CODE_SIGN_STYLE = Automatic;
				CURRENT_PROJECT_VERSION = 1;
				GENERATE_INFOPLIST_FILE = YES;
				MARKETING_VERSION = 1.0;
				PRODUCT_BUNDLE_IDENTIFIER = pablo.CryptoAppUITests;
				PRODUCT_NAME = "$(TARGET_NAME)";
				SWIFT_EMIT_LOC_STRINGS = NO;
				SWIFT_VERSION = 5.0;
				TARGETED_DEVICE_FAMILY = "1,2";
				TEST_TARGET_NAME = CryptoApp;
			};
			name = Release;
		};
/* End XCBuildConfiguration section */

/* Begin XCConfigurationList section */
		AFEFF4892BBAB6A3002FACDC /* Build configuration list for PBXProject "CryptoApp" */ = {
			isa = XCConfigurationList;
			buildConfigurations = (
				AFEFF4B62BBAB6A6002FACDC /* Debug */,
				AFEFF4B72BBAB6A6002FACDC /* Release */,
			);
			defaultConfigurationIsVisible = 0;
			defaultConfigurationName = Release;
		};
		AFEFF4B82BBAB6A6002FACDC /* Build configuration list for PBXNativeTarget "CryptoApp" */ = {
			isa = XCConfigurationList;
			buildConfigurations = (
				AFEFF4B92BBAB6A6002FACDC /* Debug */,
				AFEFF4BA2BBAB6A6002FACDC /* Release */,
			);
			defaultConfigurationIsVisible = 0;
			defaultConfigurationName = Release;
		};
		AFEFF4BB2BBAB6A6002FACDC /* Build configuration list for PBXNativeTarget "CryptoAppTests" */ = {
			isa = XCConfigurationList;
			buildConfigurations = (
				AFEFF4BC2BBAB6A6002FACDC /* Debug */,
				AFEFF4BD2BBAB6A6002FACDC /* Release */,
			);
			defaultConfigurationIsVisible = 0;
			defaultConfigurationName = Release;
		};
		AFEFF4BE2BBAB6A6002FACDC /* Build configuration list for PBXNativeTarget "CryptoAppUITests" */ = {
			isa = XCConfigurationList;
			buildConfigurations = (
				AFEFF4BF2BBAB6A6002FACDC /* Debug */,
				AFEFF4C02BBAB6A6002FACDC /* Release */,
			);
			defaultConfigurationIsVisible = 0;
			defaultConfigurationName = Release;
		};
/* End XCConfigurationList section */
	};
	rootObject = AFEFF4862BBAB6A3002FACDC /* Project object */;
}
